// !$*UTF8*$!
{
	archiveVersion = 1;
	classes = {
	};
	objectVersion = 46;
	objects = {

/* Begin PBXBuildFile section */
		B284F8351BAFDDAC00259D52 /* main.m in Sources */ = {isa = PBXBuildFile; fileRef = B284F8341BAFDDAC00259D52 /* main.m */; };
		B284F8381BAFDDAC00259D52 /* AppDelegate.m in Sources */ = {isa = PBXBuildFile; fileRef = B284F8371BAFDDAC00259D52 /* AppDelegate.m */; };
		B284F83B1BAFDDAC00259D52 /* ViewController.m in Sources */ = {isa = PBXBuildFile; fileRef = B284F83A1BAFDDAC00259D52 /* ViewController.m */; };
		B284F83E1BAFDDAC00259D52 /* Main.storyboard in Resources */ = {isa = PBXBuildFile; fileRef = B284F83C1BAFDDAC00259D52 /* Main.storyboard */; };
		B284F8401BAFDDAC00259D52 /* Assets.xcassets in Resources */ = {isa = PBXBuildFile; fileRef = B284F83F1BAFDDAC00259D52 /* Assets.xcassets */; };
		B284F8431BAFDDAC00259D52 /* LaunchScreen.storyboard in Resources */ = {isa = PBXBuildFile; fileRef = B284F8411BAFDDAC00259D52 /* LaunchScreen.storyboard */; };
		B284F84E1BAFDDAC00259D52 /* abcTests.m in Sources */ = {isa = PBXBuildFile; fileRef = B284F84D1BAFDDAC00259D52 /* abcTests.m */; };
		B284F8591BAFDDAC00259D52 /* abcUITests.m in Sources */ = {isa = PBXBuildFile; fileRef = B284F8581BAFDDAC00259D52 /* abcUITests.m */; };
		B284F86D1BAFE6D400259D52 /* infoPlist.strings in Resources */ = {isa = PBXBuildFile; fileRef = B284F86F1BAFE6D400259D52 /* infoPlist.strings */; };
		B2DFB0001BCCB99300A557E0 /* TTTAttributedLabel.m in Sources */ = {isa = PBXBuildFile; fileRef = B2DFAFFF1BCCB99300A557E0 /* TTTAttributedLabel.m */; settings = {ASSET_TAGS = (); }; };
/* End PBXBuildFile section */

/* Begin PBXContainerItemProxy section */
		B284F84A1BAFDDAC00259D52 /* PBXContainerItemProxy */ = {
			isa = PBXContainerItemProxy;
			containerPortal = B284F8281BAFDDAC00259D52 /* Project object */;
			proxyType = 1;
			remoteGlobalIDString = B284F82F1BAFDDAC00259D52;
			remoteInfo = abc;
		};
		B284F8551BAFDDAC00259D52 /* PBXContainerItemProxy */ = {
			isa = PBXContainerItemProxy;
			containerPortal = B284F8281BAFDDAC00259D52 /* Project object */;
			proxyType = 1;
			remoteGlobalIDString = B284F82F1BAFDDAC00259D52;
			remoteInfo = abc;
		};
/* End PBXContainerItemProxy section */

/* Begin PBXFileReference section */
		B284F8301BAFDDAC00259D52 /* abc.app */ = {isa = PBXFileReference; explicitFileType = wrapper.application; includeInIndex = 0; path = abc.app; sourceTree = BUILT_PRODUCTS_DIR; };
		B284F8341BAFDDAC00259D52 /* main.m */ = {isa = PBXFileReference; lastKnownFileType = sourcecode.c.objc; path = main.m; sourceTree = "<group>"; };
		B284F8361BAFDDAC00259D52 /* AppDelegate.h */ = {isa = PBXFileReference; lastKnownFileType = sourcecode.c.h; path = AppDelegate.h; sourceTree = "<group>"; };
		B284F8371BAFDDAC00259D52 /* AppDelegate.m */ = {isa = PBXFileReference; lastKnownFileType = sourcecode.c.objc; path = AppDelegate.m; sourceTree = "<group>"; };
		B284F8391BAFDDAC00259D52 /* ViewController.h */ = {isa = PBXFileReference; lastKnownFileType = sourcecode.c.h; path = ViewController.h; sourceTree = "<group>"; };
		B284F83A1BAFDDAC00259D52 /* ViewController.m */ = {isa = PBXFileReference; lastKnownFileType = sourcecode.c.objc; path = ViewController.m; sourceTree = "<group>"; };
		B284F83D1BAFDDAC00259D52 /* Base */ = {isa = PBXFileReference; lastKnownFileType = file.storyboard; name = Base; path = Base.lproj/Main.storyboard; sourceTree = "<group>"; };
		B284F83F1BAFDDAC00259D52 /* Assets.xcassets */ = {isa = PBXFileReference; lastKnownFileType = folder.assetcatalog; path = Assets.xcassets; sourceTree = "<group>"; };
		B284F8421BAFDDAC00259D52 /* Base */ = {isa = PBXFileReference; lastKnownFileType = file.storyboard; name = Base; path = Base.lproj/LaunchScreen.storyboard; sourceTree = "<group>"; };
		B284F8441BAFDDAC00259D52 /* Info.plist */ = {isa = PBXFileReference; lastKnownFileType = text.plist.xml; path = Info.plist; sourceTree = "<group>"; };
		B284F8491BAFDDAC00259D52 /* abcTests.xctest */ = {isa = PBXFileReference; explicitFileType = wrapper.cfbundle; includeInIndex = 0; path = abcTests.xctest; sourceTree = BUILT_PRODUCTS_DIR; };
		B284F84D1BAFDDAC00259D52 /* abcTests.m */ = {isa = PBXFileReference; lastKnownFileType = sourcecode.c.objc; path = abcTests.m; sourceTree = "<group>"; };
		B284F84F1BAFDDAC00259D52 /* Info.plist */ = {isa = PBXFileReference; lastKnownFileType = text.plist.xml; path = Info.plist; sourceTree = "<group>"; };
		B284F8541BAFDDAC00259D52 /* abcUITests.xctest */ = {isa = PBXFileReference; explicitFileType = wrapper.cfbundle; includeInIndex = 0; path = abcUITests.xctest; sourceTree = BUILT_PRODUCTS_DIR; };
		B284F8581BAFDDAC00259D52 /* abcUITests.m */ = {isa = PBXFileReference; lastKnownFileType = sourcecode.c.objc; path = abcUITests.m; sourceTree = "<group>"; };
		B284F85A1BAFDDAC00259D52 /* Info.plist */ = {isa = PBXFileReference; lastKnownFileType = text.plist.xml; path = Info.plist; sourceTree = "<group>"; };
		B284F8681BAFE52200259D52 /* en */ = {isa = PBXFileReference; lastKnownFileType = text.plist.strings; name = en; path = en.lproj/Main.strings; sourceTree = "<group>"; };
		B284F8691BAFE59200259D52 /* zh-Hans */ = {isa = PBXFileReference; lastKnownFileType = text.plist.strings; name = "zh-Hans"; path = "zh-Hans.lproj/Main.strings"; sourceTree = "<group>"; };
		B284F86A1BAFE59200259D52 /* zh-Hans */ = {isa = PBXFileReference; lastKnownFileType = text.plist.strings; name = "zh-Hans"; path = "zh-Hans.lproj/LaunchScreen.strings"; sourceTree = "<group>"; };
		B284F86E1BAFE6D400259D52 /* zh-Hans */ = {isa = PBXFileReference; lastKnownFileType = text.plist.strings; name = "zh-Hans"; path = "zh-Hans.lproj/infoPlist.strings"; sourceTree = "<group>"; };
		B284F8721BAFE79C00259D52 /* en */ = {isa = PBXFileReference; lastKnownFileType = text.plist.strings; name = en; path = en.lproj/infoPlist.strings; sourceTree = "<group>"; };
		B2DFAFFE1BCCB99300A557E0 /* TTTAttributedLabel.h */ = {isa = PBXFileReference; fileEncoding = 4; lastKnownFileType = sourcecode.c.h; path = TTTAttributedLabel.h; sourceTree = "<group>"; };
		B2DFAFFF1BCCB99300A557E0 /* TTTAttributedLabel.m */ = {isa = PBXFileReference; fileEncoding = 4; lastKnownFileType = sourcecode.c.objc; path = TTTAttributedLabel.m; sourceTree = "<group>"; };
/* End PBXFileReference section */

/* Begin PBXFrameworksBuildPhase section */
		B284F82D1BAFDDAC00259D52 /* Frameworks */ = {
			isa = PBXFrameworksBuildPhase;
			buildActionMask = 2147483647;
			files = (
			);
			runOnlyForDeploymentPostprocessing = 0;
		};
		B284F8461BAFDDAC00259D52 /* Frameworks */ = {
			isa = PBXFrameworksBuildPhase;
			buildActionMask = 2147483647;
			files = (
			);
			runOnlyForDeploymentPostprocessing = 0;
		};
		B284F8511BAFDDAC00259D52 /* Frameworks */ = {
			isa = PBXFrameworksBuildPhase;
			buildActionMask = 2147483647;
			files = (
			);
			runOnlyForDeploymentPostprocessing = 0;
		};
/* End PBXFrameworksBuildPhase section */

/* Begin PBXGroup section */
		B284F8271BAFDDAC00259D52 = {
			isa = PBXGroup;
			children = (
				B284F8321BAFDDAC00259D52 /* abc */,
				B284F84C1BAFDDAC00259D52 /* abcTests */,
				B284F8571BAFDDAC00259D52 /* abcUITests */,
				B284F8311BAFDDAC00259D52 /* Products */,
			);
			sourceTree = "<group>";
		};
		B284F8311BAFDDAC00259D52 /* Products */ = {
			isa = PBXGroup;
			children = (
				B284F8301BAFDDAC00259D52 /* abc.app */,
				B284F8491BAFDDAC00259D52 /* abcTests.xctest */,
				B284F8541BAFDDAC00259D52 /* abcUITests.xctest */,
			);
			name = Products;
			sourceTree = "<group>";
		};
		B284F8321BAFDDAC00259D52 /* abc */ = {
			isa = PBXGroup;
			children = (
				B2DFAFFD1BCCB99200A557E0 /* TTTAttributedLabel */,
				B284F8361BAFDDAC00259D52 /* AppDelegate.h */,
				B284F8371BAFDDAC00259D52 /* AppDelegate.m */,
				B284F8391BAFDDAC00259D52 /* ViewController.h */,
				B284F83A1BAFDDAC00259D52 /* ViewController.m */,
				B284F86F1BAFE6D400259D52 /* infoPlist.strings */,
				B284F83C1BAFDDAC00259D52 /* Main.storyboard */,
				B284F83F1BAFDDAC00259D52 /* Assets.xcassets */,
				B284F8411BAFDDAC00259D52 /* LaunchScreen.storyboard */,
				B284F8441BAFDDAC00259D52 /* Info.plist */,
				B284F8331BAFDDAC00259D52 /* Supporting Files */,
			);
			path = abc;
			sourceTree = "<group>";
		};
		B284F8331BAFDDAC00259D52 /* Supporting Files */ = {
			isa = PBXGroup;
			children = (
				B284F8341BAFDDAC00259D52 /* main.m */,
			);
			name = "Supporting Files";
			sourceTree = "<group>";
		};
		B284F84C1BAFDDAC00259D52 /* abcTests */ = {
			isa = PBXGroup;
			children = (
				B284F84D1BAFDDAC00259D52 /* abcTests.m */,
				B284F84F1BAFDDAC00259D52 /* Info.plist */,
			);
			path = abcTests;
			sourceTree = "<group>";
		};
		B284F8571BAFDDAC00259D52 /* abcUITests */ = {
			isa = PBXGroup;
			children = (
				B284F8581BAFDDAC00259D52 /* abcUITests.m */,
				B284F85A1BAFDDAC00259D52 /* Info.plist */,
			);
			path = abcUITests;
			sourceTree = "<group>";
		};
		B2DFAFFD1BCCB99200A557E0 /* TTTAttributedLabel */ = {
			isa = PBXGroup;
			children = (
				B2DFAFFE1BCCB99300A557E0 /* TTTAttributedLabel.h */,
				B2DFAFFF1BCCB99300A557E0 /* TTTAttributedLabel.m */,
			);
			path = TTTAttributedLabel;
			sourceTree = "<group>";
		};
/* End PBXGroup section */

/* Begin PBXNativeTarget section */
		B284F82F1BAFDDAC00259D52 /* abc */ = {
			isa = PBXNativeTarget;
			buildConfigurationList = B284F85D1BAFDDAC00259D52 /* Build configuration list for PBXNativeTarget "abc" */;
			buildPhases = (
				B284F82C1BAFDDAC00259D52 /* Sources */,
				B284F82D1BAFDDAC00259D52 /* Frameworks */,
				B284F82E1BAFDDAC00259D52 /* Resources */,
			);
			buildRules = (
			);
			dependencies = (
			);
			name = abc;
			productName = abc;
			productReference = B284F8301BAFDDAC00259D52 /* abc.app */;
			productType = "com.apple.product-type.application";
		};
		B284F8481BAFDDAC00259D52 /* abcTests */ = {
			isa = PBXNativeTarget;
			buildConfigurationList = B284F8601BAFDDAC00259D52 /* Build configuration list for PBXNativeTarget "abcTests" */;
			buildPhases = (
				B284F8451BAFDDAC00259D52 /* Sources */,
				B284F8461BAFDDAC00259D52 /* Frameworks */,
				B284F8471BAFDDAC00259D52 /* Resources */,
			);
			buildRules = (
			);
			dependencies = (
				B284F84B1BAFDDAC00259D52 /* PBXTargetDependency */,
			);
			name = abcTests;
			productName = abcTests;
			productReference = B284F8491BAFDDAC00259D52 /* abcTests.xctest */;
			productType = "com.apple.product-type.bundle.unit-test";
		};
		B284F8531BAFDDAC00259D52 /* abcUITests */ = {
			isa = PBXNativeTarget;
			buildConfigurationList = B284F8631BAFDDAC00259D52 /* Build configuration list for PBXNativeTarget "abcUITests" */;
			buildPhases = (
				B284F8501BAFDDAC00259D52 /* Sources */,
				B284F8511BAFDDAC00259D52 /* Frameworks */,
				B284F8521BAFDDAC00259D52 /* Resources */,
			);
			buildRules = (
			);
			dependencies = (
				B284F8561BAFDDAC00259D52 /* PBXTargetDependency */,
			);
			name = abcUITests;
			productName = abcUITests;
			productReference = B284F8541BAFDDAC00259D52 /* abcUITests.xctest */;
			productType = "com.apple.product-type.bundle.ui-testing";
		};
/* End PBXNativeTarget section */

/* Begin PBXProject section */
		B284F8281BAFDDAC00259D52 /* Project object */ = {
			isa = PBXProject;
			attributes = {
				LastUpgradeCheck = 0700;
				ORGANIZATIONNAME = DaiFengyi;
				TargetAttributes = {
					B284F82F1BAFDDAC00259D52 = {
						CreatedOnToolsVersion = 7.0;
					};
					B284F8481BAFDDAC00259D52 = {
						CreatedOnToolsVersion = 7.0;
						TestTargetID = B284F82F1BAFDDAC00259D52;
					};
					B284F8531BAFDDAC00259D52 = {
						CreatedOnToolsVersion = 7.0;
						TestTargetID = B284F82F1BAFDDAC00259D52;
					};
				};
			};
			buildConfigurationList = B284F82B1BAFDDAC00259D52 /* Build configuration list for PBXProject "abc" */;
			compatibilityVersion = "Xcode 3.2";
			developmentRegion = English;
			hasScannedForEncodings = 0;
			knownRegions = (
				en,
				Base,
			);
			mainGroup = B284F8271BAFDDAC00259D52;
			productRefGroup = B284F8311BAFDDAC00259D52 /* Products */;
			projectDirPath = "";
			projectRoot = "";
			targets = (
				B284F82F1BAFDDAC00259D52 /* abc */,
				B284F8481BAFDDAC00259D52 /* abcTests */,
				B284F8531BAFDDAC00259D52 /* abcUITests */,
			);
		};
/* End PBXProject section */

/* Begin PBXResourcesBuildPhase section */
		B284F82E1BAFDDAC00259D52 /* Resources */ = {
			isa = PBXResourcesBuildPhase;
			buildActionMask = 2147483647;
			files = (
				B284F8431BAFDDAC00259D52 /* LaunchScreen.storyboard in Resources */,
				B284F86D1BAFE6D400259D52 /* infoPlist.strings in Resources */,
				B284F8401BAFDDAC00259D52 /* Assets.xcassets in Resources */,
				B284F83E1BAFDDAC00259D52 /* Main.storyboard in Resources */,
			);
			runOnlyForDeploymentPostprocessing = 0;
		};
		B284F8471BAFDDAC00259D52 /* Resources */ = {
			isa = PBXResourcesBuildPhase;
			buildActionMask = 2147483647;
			files = (
			);
			runOnlyForDeploymentPostprocessing = 0;
		};
		B284F8521BAFDDAC00259D52 /* Resources */ = {
			isa = PBXResourcesBuildPhase;
			buildActionMask = 2147483647;
			files = (
			);
			runOnlyForDeploymentPostprocessing = 0;
		};
/* End PBXResourcesBuildPhase section */

/* Begin PBXSourcesBuildPhase section */
		B284F82C1BAFDDAC00259D52 /* Sources */ = {
			isa = PBXSourcesBuildPhase;
			buildActionMask = 2147483647;
			files = (
				B284F83B1BAFDDAC00259D52 /* ViewController.m in Sources */,
				B284F8381BAFDDAC00259D52 /* AppDelegate.m in Sources */,
				B284F8351BAFDDAC00259D52 /* main.m in Sources */,
				B2DFB0001BCCB99300A557E0 /* TTTAttributedLabel.m in Sources */,
			);
			runOnlyForDeploymentPostprocessing = 0;
		};
		B284F8451BAFDDAC00259D52 /* Sources */ = {
			isa = PBXSourcesBuildPhase;
			buildActionMask = 2147483647;
			files = (
				B284F84E1BAFDDAC00259D52 /* abcTests.m in Sources */,
			);
			runOnlyForDeploymentPostprocessing = 0;
		};
		B284F8501BAFDDAC00259D52 /* Sources */ = {
			isa = PBXSourcesBuildPhase;
			buildActionMask = 2147483647;
			files = (
				B284F8591BAFDDAC00259D52 /* abcUITests.m in Sources */,
			);
			runOnlyForDeploymentPostprocessing = 0;
		};
/* End PBXSourcesBuildPhase section */

/* Begin PBXTargetDependency section */
		B284F84B1BAFDDAC00259D52 /* PBXTargetDependency */ = {
			isa = PBXTargetDependency;
			target = B284F82F1BAFDDAC00259D52 /* abc */;
			targetProxy = B284F84A1BAFDDAC00259D52 /* PBXContainerItemProxy */;
		};
		B284F8561BAFDDAC00259D52 /* PBXTargetDependency */ = {
			isa = PBXTargetDependency;
			target = B284F82F1BAFDDAC00259D52 /* abc */;
			targetProxy = B284F8551BAFDDAC00259D52 /* PBXContainerItemProxy */;
		};
/* End PBXTargetDependency section */

/* Begin PBXVariantGroup section */
		B284F83C1BAFDDAC00259D52 /* Main.storyboard */ = {
			isa = PBXVariantGroup;
			children = (
				B284F83D1BAFDDAC00259D52 /* Base */,
				B284F8681BAFE52200259D52 /* en */,
				B284F8691BAFE59200259D52 /* zh-Hans */,
			);
			name = Main.storyboard;
			sourceTree = "<group>";
		};
		B284F8411BAFDDAC00259D52 /* LaunchScreen.storyboard */ = {
			isa = PBXVariantGroup;
			children = (
				B284F8421BAFDDAC00259D52 /* Base */,
				B284F86A1BAFE59200259D52 /* zh-Hans */,
			);
			name = LaunchScreen.storyboard;
			sourceTree = "<group>";
		};
		B284F86F1BAFE6D400259D52 /* infoPlist.strings */ = {
			isa = PBXVariantGroup;
			children = (
				B284F86E1BAFE6D400259D52 /* zh-Hans */,
				B284F8721BAFE79C00259D52 /* en */,
			);
			name = infoPlist.strings;
			sourceTree = "<group>";
		};
/* End PBXVariantGroup section */

/* Begin XCBuildConfiguration section */
		B284F85B1BAFDDAC00259D52 /* Debug */ = {
			isa = XCBuildConfiguration;
			buildSettings = {
				ALWAYS_SEARCH_USER_PATHS = NO;
				CLANG_CXX_LANGUAGE_STANDARD = "gnu++0x";
				CLANG_CXX_LIBRARY = "libc++";
				CLANG_ENABLE_MODULES = YES;
				CLANG_ENABLE_OBJC_ARC = YES;
				CLANG_WARN_BOOL_CONVERSION = YES;
				CLANG_WARN_CONSTANT_CONVERSION = YES;
				CLANG_WARN_DIRECT_OBJC_ISA_USAGE = YES_ERROR;
				CLANG_WARN_EMPTY_BODY = YES;
				CLANG_WARN_ENUM_CONVERSION = YES;
				CLANG_WARN_INT_CONVERSION = YES;
				CLANG_WARN_OBJC_ROOT_CLASS = YES_ERROR;
				CLANG_WARN_UNREACHABLE_CODE = YES;
				CLANG_WARN__DUPLICATE_METHOD_MATCH = YES;
				"CODE_SIGN_IDENTITY[sdk=iphoneos*]" = "iPhone Developer";
				COPY_PHASE_STRIP = NO;
				DEBUG_INFORMATION_FORMAT = dwarf;
				ENABLE_STRICT_OBJC_MSGSEND = YES;
				ENABLE_TESTABILITY = YES;
				GCC_C_LANGUAGE_STANDARD = gnu99;
				GCC_DYNAMIC_NO_PIC = NO;
				GCC_NO_COMMON_BLOCKS = YES;
				GCC_OPTIMIZATION_LEVEL = 0;
				GCC_PREPROCESSOR_DEFINITIONS = (
					"DEBUG=1",
					"$(inherited)",
				);
				GCC_WARN_64_TO_32_BIT_CONVERSION = YES;
				GCC_WARN_ABOUT_RETURN_TYPE = YES_ERROR;
				GCC_WARN_UNDECLARED_SELECTOR = YES;
				GCC_WARN_UNINITIALIZED_AUTOS = YES_AGGRESSIVE;
				GCC_WARN_UNUSED_FUNCTION = YES;
				GCC_WARN_UNUSED_VARIABLE = YES;
				IPHONEOS_DEPLOYMENT_TARGET = 9.0;
				MTL_ENABLE_DEBUG_INFO = YES;
				ONLY_ACTIVE_ARCH = YES;
				SDKROOT = iphoneos;
			};
			name = Debug;
		};
		B284F85C1BAFDDAC00259D52 /* Release */ = {
			isa = XCBuildConfiguration;
			buildSettings = {
				ALWAYS_SEARCH_USER_PATHS = NO;
				CLANG_CXX_LANGUAGE_STANDARD = "gnu++0x";
				CLANG_CXX_LIBRARY = "libc++";
				CLANG_ENABLE_MODULES = YES;
				CLANG_ENABLE_OBJC_ARC = YES;
				CLANG_WARN_BOOL_CONVERSION = YES;
				CLANG_WARN_CONSTANT_CONVERSION = YES;
				CLANG_WARN_DIRECT_OBJC_ISA_USAGE = YES_ERROR;
				CLANG_WARN_EMPTY_BODY = YES;
				CLANG_WARN_ENUM_CONVERSION = YES;
				CLANG_WARN_INT_CONVERSION = YES;
				CLANG_WARN_OBJC_ROOT_CLASS = YES_ERROR;
				CLANG_WARN_UNREACHABLE_CODE = YES;
				CLANG_WARN__DUPLICATE_METHOD_MATCH = YES;
				"CODE_SIGN_IDENTITY[sdk=iphoneos*]" = "iPhone Developer";
				COPY_PHASE_STRIP = NO;
				DEBUG_INFORMATION_FORMAT = "dwarf-with-dsym";
				ENABLE_NS_ASSERTIONS = NO;
				ENABLE_STRICT_OBJC_MSGSEND = YES;
				GCC_C_LANGUAGE_STANDARD = gnu99;
				GCC_NO_COMMON_BLOCKS = YES;
				GCC_WARN_64_TO_32_BIT_CONVERSION = YES;
				GCC_WARN_ABOUT_RETURN_TYPE = YES_ERROR;
				GCC_WARN_UNDECLARED_SELECTOR = YES;
				GCC_WARN_UNINITIALIZED_AUTOS = YES_AGGRESSIVE;
				GCC_WARN_UNUSED_FUNCTION = YES;
				GCC_WARN_UNUSED_VARIABLE = YES;
				IPHONEOS_DEPLOYMENT_TARGET = 9.0;
				MTL_ENABLE_DEBUG_INFO = NO;
				SDKROOT = iphoneos;
				VALIDATE_PRODUCT = YES;
			};
			name = Release;
		};
		B284F85E1BAFDDAC00259D52 /* Debug */ = {
			isa = XCBuildConfiguration;
			buildSettings = {
				ASSETCATALOG_COMPILER_APPICON_NAME = AppIcon;
				INFOPLIST_FILE = abc/Info.plist;
				LD_RUNPATH_SEARCH_PATHS = "$(inherited) @executable_path/Frameworks";
				PRODUCT_BUNDLE_IDENTIFIER = com.malongtec.abc;
				PRODUCT_NAME = "$(TARGET_NAME)";
				PROVISIONING_PROFILE = "";
			};
			name = Debug;
		};
		B284F85F1BAFDDAC00259D52 /* Release */ = {
			isa = XCBuildConfiguration;
			buildSettings = {
				ASSETCATALOG_COMPILER_APPICON_NAME = AppIcon;
				INFOPLIST_FILE = abc/Info.plist;
				LD_RUNPATH_SEARCH_PATHS = "$(inherited) @executable_path/Frameworks";
				PRODUCT_BUNDLE_IDENTIFIER = com.malongtec.abc;
				PRODUCT_NAME = "$(TARGET_NAME)";
				PROVISIONING_PROFILE = "";
			};
			name = Release;
		};
		B284F8611BAFDDAC00259D52 /* Debug */ = {
			isa = XCBuildConfiguration;
			buildSettings = {
				BUNDLE_LOADER = "$(TEST_HOST)";
				INFOPLIST_FILE = abcTests/Info.plist;
				LD_RUNPATH_SEARCH_PATHS = "$(inherited) @executable_path/Frameworks @loader_path/Frameworks";
				PRODUCT_BUNDLE_IDENTIFIER = com.malongtec.abcTests;
				PRODUCT_NAME = "$(TARGET_NAME)";
				TEST_HOST = "$(BUILT_PRODUCTS_DIR)/abc.app/abc";
			};
			name = Debug;
		};
		B284F8621BAFDDAC00259D52 /* Release */ = {
			isa = XCBuildConfiguration;
			buildSettings = {
				BUNDLE_LOADER = "$(TEST_HOST)";
				INFOPLIST_FILE = abcTests/Info.plist;
				LD_RUNPATH_SEARCH_PATHS = "$(inherited) @executable_path/Frameworks @loader_path/Frameworks";
				PRODUCT_BUNDLE_IDENTIFIER = com.malongtec.abcTests;
				PRODUCT_NAME = "$(TARGET_NAME)";
				TEST_HOST = "$(BUILT_PRODUCTS_DIR)/abc.app/abc";
			};
			name = Release;
		};
		B284F8641BAFDDAC00259D52 /* Debug */ = {
			isa = XCBuildConfiguration;
			buildSettings = {
				INFOPLIST_FILE = abcUITests/Info.plist;
				LD_RUNPATH_SEARCH_PATHS = "$(inherited) @executable_path/Frameworks @loader_path/Frameworks";
				PRODUCT_BUNDLE_IDENTIFIER = com.malongtec.abcUITests;
				PRODUCT_NAME = "$(TARGET_NAME)";
				TEST_TARGET_NAME = abc;
				USES_XCTRUNNER = YES;
			};
			name = Debug;
		};
		B284F8651BAFDDAC00259D52 /* Release */ = {
			isa = XCBuildConfiguration;
			buildSettings = {
				INFOPLIST_FILE = abcUITests/Info.plist;
				LD_RUNPATH_SEARCH_PATHS = "$(inherited) @executable_path/Frameworks @loader_path/Frameworks";
				PRODUCT_BUNDLE_IDENTIFIER = com.malongtec.abcUITests;
				PRODUCT_NAME = "$(TARGET_NAME)";
				TEST_TARGET_NAME = abc;
				USES_XCTRUNNER = YES;
			};
			name = Release;
		};
/* End XCBuildConfiguration section */

/* Begin XCConfigurationList section */
		B284F82B1BAFDDAC00259D52 /* Build configuration list for PBXProject "abc" */ = {
			isa = XCConfigurationList;
			buildConfigurations = (
				B284F85B1BAFDDAC00259D52 /* Debug */,
				B284F85C1BAFDDAC00259D52 /* Release */,
			);
			defaultConfigurationIsVisible = 0;
			defaultConfigurationName = Release;
		};
		B284F85D1BAFDDAC00259D52 /* Build configuration list for PBXNativeTarget "abc" */ = {
			isa = XCConfigurationList;
			buildConfigurations = (
				B284F85E1BAFDDAC00259D52 /* Debug */,
				B284F85F1BAFDDAC00259D52 /* Release */,
			);
			defaultConfigurationIsVisible = 0;
			defaultConfigurationName = Release;
		};
		B284F8601BAFDDAC00259D52 /* Build configuration list for PBXNativeTarget "abcTests" */ = {
			isa = XCConfigurationList;
			buildConfigurations = (
				B284F8611BAFDDAC00259D52 /* Debug */,
				B284F8621BAFDDAC00259D52 /* Release */,
			);
			defaultConfigurationIsVisible = 0;
			defaultConfigurationName = Release;
		};
		B284F8631BAFDDAC00259D52 /* Build configuration list for PBXNativeTarget "abcUITests" */ = {
			isa = XCConfigurationList;
			buildConfigurations = (
				B284F8641BAFDDAC00259D52 /* Debug */,
				B284F8651BAFDDAC00259D52 /* Release */,
			);
			defaultConfigurationIsVisible = 0;
			defaultConfigurationName = Release;
		};
/* End XCConfigurationList section */
	};
	rootObject = B284F8281BAFDDAC00259D52 /* Project object */;
}
