// !$*UTF8*$!
{
	archiveVersion = 1;
	classes = {
	};
	objectVersion = 46;
	objects = {

/* Begin PBXBuildFile section */
		B2278C911C4F2E3C00BE7C05 /* AppDelegate.swift in Sources */ = {isa = PBXBuildFile; fileRef = B2278C901C4F2E3C00BE7C05 /* AppDelegate.swift */; };
		B2278C961C4F2E3C00BE7C05 /* Main.storyboard in Resources */ = {isa = PBXBuildFile; fileRef = B2278C941C4F2E3C00BE7C05 /* Main.storyboard */; };
		B2278C981C4F2E3C00BE7C05 /* Assets.xcassets in Resources */ = {isa = PBXBuildFile; fileRef = B2278C971C4F2E3C00BE7C05 /* Assets.xcassets */; };
		B2278C9B1C4F2E3C00BE7C05 /* LaunchScreen.storyboard in Resources */ = {isa = PBXBuildFile; fileRef = B2278C991C4F2E3C00BE7C05 /* LaunchScreen.storyboard */; };
		B2278CA61C4F2E3D00BE7C05 /* AnimationTests.swift in Sources */ = {isa = PBXBuildFile; fileRef = B2278CA51C4F2E3D00BE7C05 /* AnimationTests.swift */; };
		B2278CB11C4F2E3D00BE7C05 /* AnimationUITests.swift in Sources */ = {isa = PBXBuildFile; fileRef = B2278CB01C4F2E3D00BE7C05 /* AnimationUITests.swift */; };
		B2278CBF1C4F2EB600BE7C05 /* QuartzCore.framework in Frameworks */ = {isa = PBXBuildFile; fileRef = B2278CBE1C4F2EB600BE7C05 /* QuartzCore.framework */; };
		B2C18B9B1CE188DE00EB9D6E /* Snow.swift in Sources */ = {isa = PBXBuildFile; fileRef = B2C18B941CE188DE00EB9D6E /* Snow.swift */; };
		B2C18B9C1CE188DE00EB9D6E /* SnowOC.m in Sources */ = {isa = PBXBuildFile; fileRef = B2C18B961CE188DE00EB9D6E /* SnowOC.m */; };
		B2C18BA91CE18D1A00EB9D6E /* UIButton+Badge.m in Sources */ = {isa = PBXBuildFile; fileRef = B2C18BA41CE18D1A00EB9D6E /* UIButton+Badge.m */; };
		B2C18BAA1CE18D1A00EB9D6E /* ButtonAnimationController.swift in Sources */ = {isa = PBXBuildFile; fileRef = B2C18BA51CE18D1A00EB9D6E /* ButtonAnimationController.swift */; };
		B2C18BAB1CE18D1A00EB9D6E /* UIButton+ZanAnimation.m in Sources */ = {isa = PBXBuildFile; fileRef = B2C18BA81CE18D1A00EB9D6E /* UIButton+ZanAnimation.m */; };
		B2C18BAF1CE18D5700EB9D6E /* FlipController.m in Sources */ = {isa = PBXBuildFile; fileRef = B2C18BAE1CE18D5700EB9D6E /* FlipController.m */; };
		B2C18BB71CE18F1900EB9D6E /* JSHLabelButton.m in Sources */ = {isa = PBXBuildFile; fileRef = B2C18BB21CE18F1900EB9D6E /* JSHLabelButton.m */; };
		B2C18BB81CE18F1900EB9D6E /* JSHLabelChooseView.m in Sources */ = {isa = PBXBuildFile; fileRef = B2C18BB41CE18F1900EB9D6E /* JSHLabelChooseView.m */; };
		B2C18BB91CE18F1900EB9D6E /* RearrageController.m in Sources */ = {isa = PBXBuildFile; fileRef = B2C18BB61CE18F1900EB9D6E /* RearrageController.m */; };
		B2C18BBB1CE1969900EB9D6E /* JSHBookLabels.plist in Resources */ = {isa = PBXBuildFile; fileRef = B2C18BBA1CE1969900EB9D6E /* JSHBookLabels.plist */; };
/* End PBXBuildFile section */

/* Begin PBXContainerItemProxy section */
		B2278CA21C4F2E3D00BE7C05 /* PBXContainerItemProxy */ = {
			isa = PBXContainerItemProxy;
			containerPortal = B2278C851C4F2E3C00BE7C05 /* Project object */;
			proxyType = 1;
			remoteGlobalIDString = B2278C8C1C4F2E3C00BE7C05;
			remoteInfo = Animation;
		};
		B2278CAD1C4F2E3D00BE7C05 /* PBXContainerItemProxy */ = {
			isa = PBXContainerItemProxy;
			containerPortal = B2278C851C4F2E3C00BE7C05 /* Project object */;
			proxyType = 1;
			remoteGlobalIDString = B2278C8C1C4F2E3C00BE7C05;
			remoteInfo = Animation;
		};
/* End PBXContainerItemProxy section */

/* Begin PBXFileReference section */
		B2278C8D1C4F2E3C00BE7C05 /* Animation.app */ = {isa = PBXFileReference; explicitFileType = wrapper.application; includeInIndex = 0; path = Animation.app; sourceTree = BUILT_PRODUCTS_DIR; };
		B2278C901C4F2E3C00BE7C05 /* AppDelegate.swift */ = {isa = PBXFileReference; lastKnownFileType = sourcecode.swift; path = AppDelegate.swift; sourceTree = "<group>"; };
		B2278C951C4F2E3C00BE7C05 /* Base */ = {isa = PBXFileReference; lastKnownFileType = file.storyboard; name = Base; path = Base.lproj/Main.storyboard; sourceTree = "<group>"; };
		B2278C971C4F2E3C00BE7C05 /* Assets.xcassets */ = {isa = PBXFileReference; lastKnownFileType = folder.assetcatalog; path = Assets.xcassets; sourceTree = "<group>"; };
		B2278C9A1C4F2E3C00BE7C05 /* Base */ = {isa = PBXFileReference; lastKnownFileType = file.storyboard; name = Base; path = Base.lproj/LaunchScreen.storyboard; sourceTree = "<group>"; };
		B2278C9C1C4F2E3C00BE7C05 /* Info.plist */ = {isa = PBXFileReference; lastKnownFileType = text.plist.xml; path = Info.plist; sourceTree = "<group>"; };
		B2278CA11C4F2E3D00BE7C05 /* AnimationTests.xctest */ = {isa = PBXFileReference; explicitFileType = wrapper.cfbundle; includeInIndex = 0; path = AnimationTests.xctest; sourceTree = BUILT_PRODUCTS_DIR; };
		B2278CA51C4F2E3D00BE7C05 /* AnimationTests.swift */ = {isa = PBXFileReference; lastKnownFileType = sourcecode.swift; path = AnimationTests.swift; sourceTree = "<group>"; };
		B2278CA71C4F2E3D00BE7C05 /* Info.plist */ = {isa = PBXFileReference; lastKnownFileType = text.plist.xml; path = Info.plist; sourceTree = "<group>"; };
		B2278CAC1C4F2E3D00BE7C05 /* AnimationUITests.xctest */ = {isa = PBXFileReference; explicitFileType = wrapper.cfbundle; includeInIndex = 0; path = AnimationUITests.xctest; sourceTree = BUILT_PRODUCTS_DIR; };
		B2278CB01C4F2E3D00BE7C05 /* AnimationUITests.swift */ = {isa = PBXFileReference; lastKnownFileType = sourcecode.swift; path = AnimationUITests.swift; sourceTree = "<group>"; };
		B2278CB21C4F2E3D00BE7C05 /* Info.plist */ = {isa = PBXFileReference; lastKnownFileType = text.plist.xml; path = Info.plist; sourceTree = "<group>"; };
		B2278CBE1C4F2EB600BE7C05 /* QuartzCore.framework */ = {isa = PBXFileReference; lastKnownFileType = wrapper.framework; name = QuartzCore.framework; path = System/Library/Frameworks/QuartzCore.framework; sourceTree = SDKROOT; };
		B2278CC21C4F38E800BE7C05 /* Animation-Bridging-Header.h */ = {isa = PBXFileReference; lastKnownFileType = sourcecode.c.h; path = "Animation-Bridging-Header.h"; sourceTree = "<group>"; };
		B2C18B941CE188DE00EB9D6E /* Snow.swift */ = {isa = PBXFileReference; fileEncoding = 4; lastKnownFileType = sourcecode.swift; path = Snow.swift; sourceTree = "<group>"; };
		B2C18B951CE188DE00EB9D6E /* SnowOC.h */ = {isa = PBXFileReference; fileEncoding = 4; lastKnownFileType = sourcecode.c.h; path = SnowOC.h; sourceTree = "<group>"; };
		B2C18B961CE188DE00EB9D6E /* SnowOC.m */ = {isa = PBXFileReference; fileEncoding = 4; lastKnownFileType = sourcecode.c.objc; path = SnowOC.m; sourceTree = "<group>"; };
		B2C18BA31CE18D1A00EB9D6E /* UIButton+Badge.h */ = {isa = PBXFileReference; fileEncoding = 4; lastKnownFileType = sourcecode.c.h; path = "UIButton+Badge.h"; sourceTree = "<group>"; };
		B2C18BA41CE18D1A00EB9D6E /* UIButton+Badge.m */ = {isa = PBXFileReference; fileEncoding = 4; lastKnownFileType = sourcecode.c.objc; path = "UIButton+Badge.m"; sourceTree = "<group>"; };
		B2C18BA51CE18D1A00EB9D6E /* ButtonAnimationController.swift */ = {isa = PBXFileReference; fileEncoding = 4; lastKnownFileType = sourcecode.swift; path = ButtonAnimationController.swift; sourceTree = "<group>"; };
		B2C18BA71CE18D1A00EB9D6E /* UIButton+ZanAnimation.h */ = {isa = PBXFileReference; fileEncoding = 4; lastKnownFileType = sourcecode.c.h; path = "UIButton+ZanAnimation.h"; sourceTree = "<group>"; };
		B2C18BA81CE18D1A00EB9D6E /* UIButton+ZanAnimation.m */ = {isa = PBXFileReference; fileEncoding = 4; lastKnownFileType = sourcecode.c.objc; path = "UIButton+ZanAnimation.m"; sourceTree = "<group>"; };
		B2C18BAD1CE18D5700EB9D6E /* FlipController.h */ = {isa = PBXFileReference; fileEncoding = 4; lastKnownFileType = sourcecode.c.h; path = FlipController.h; sourceTree = "<group>"; };
		B2C18BAE1CE18D5700EB9D6E /* FlipController.m */ = {isa = PBXFileReference; fileEncoding = 4; lastKnownFileType = sourcecode.c.objc; path = FlipController.m; sourceTree = "<group>"; };
		B2C18BB11CE18F1900EB9D6E /* JSHLabelButton.h */ = {isa = PBXFileReference; fileEncoding = 4; lastKnownFileType = sourcecode.c.h; path = JSHLabelButton.h; sourceTree = "<group>"; };
		B2C18BB21CE18F1900EB9D6E /* JSHLabelButton.m */ = {isa = PBXFileReference; fileEncoding = 4; lastKnownFileType = sourcecode.c.objc; path = JSHLabelButton.m; sourceTree = "<group>"; };
		B2C18BB31CE18F1900EB9D6E /* JSHLabelChooseView.h */ = {isa = PBXFileReference; fileEncoding = 4; lastKnownFileType = sourcecode.c.h; path = JSHLabelChooseView.h; sourceTree = "<group>"; };
		B2C18BB41CE18F1900EB9D6E /* JSHLabelChooseView.m */ = {isa = PBXFileReference; fileEncoding = 4; lastKnownFileType = sourcecode.c.objc; path = JSHLabelChooseView.m; sourceTree = "<group>"; };
		B2C18BB51CE18F1900EB9D6E /* RearrageController.h */ = {isa = PBXFileReference; fileEncoding = 4; lastKnownFileType = sourcecode.c.h; path = RearrageController.h; sourceTree = "<group>"; };
		B2C18BB61CE18F1900EB9D6E /* RearrageController.m */ = {isa = PBXFileReference; fileEncoding = 4; lastKnownFileType = sourcecode.c.objc; path = RearrageController.m; sourceTree = "<group>"; };
		B2C18BBA1CE1969900EB9D6E /* JSHBookLabels.plist */ = {isa = PBXFileReference; fileEncoding = 4; lastKnownFileType = text.plist.xml; path = JSHBookLabels.plist; sourceTree = "<group>"; };
/* End PBXFileReference section */

/* Begin PBXFrameworksBuildPhase section */
		B2278C8A1C4F2E3C00BE7C05 /* Frameworks */ = {
			isa = PBXFrameworksBuildPhase;
			buildActionMask = 2147483647;
			files = (
				B2278CBF1C4F2EB600BE7C05 /* QuartzCore.framework in Frameworks */,
			);
			runOnlyForDeploymentPostprocessing = 0;
		};
		B2278C9E1C4F2E3D00BE7C05 /* Frameworks */ = {
			isa = PBXFrameworksBuildPhase;
			buildActionMask = 2147483647;
			files = (
			);
			runOnlyForDeploymentPostprocessing = 0;
		};
		B2278CA91C4F2E3D00BE7C05 /* Frameworks */ = {
			isa = PBXFrameworksBuildPhase;
			buildActionMask = 2147483647;
			files = (
			);
			runOnlyForDeploymentPostprocessing = 0;
		};
/* End PBXFrameworksBuildPhase section */

/* Begin PBXGroup section */
		B2278C841C4F2E3C00BE7C05 = {
			isa = PBXGroup;
			children = (
				B2278CBE1C4F2EB600BE7C05 /* QuartzCore.framework */,
				B2278C8F1C4F2E3C00BE7C05 /* Animation */,
				B2278CA41C4F2E3D00BE7C05 /* AnimationTests */,
				B2278CAF1C4F2E3D00BE7C05 /* AnimationUITests */,
				B2278C8E1C4F2E3C00BE7C05 /* Products */,
			);
			sourceTree = "<group>";
		};
		B2278C8E1C4F2E3C00BE7C05 /* Products */ = {
			isa = PBXGroup;
			children = (
				B2278C8D1C4F2E3C00BE7C05 /* Animation.app */,
				B2278CA11C4F2E3D00BE7C05 /* AnimationTests.xctest */,
				B2278CAC1C4F2E3D00BE7C05 /* AnimationUITests.xctest */,
			);
			name = Products;
			sourceTree = "<group>";
		};
		B2278C8F1C4F2E3C00BE7C05 /* Animation */ = {
			isa = PBXGroup;
			children = (
				B2C18B8F1CE188DE00EB9D6E /* Mudule */,
				B2278C901C4F2E3C00BE7C05 /* AppDelegate.swift */,
				B2278C941C4F2E3C00BE7C05 /* Main.storyboard */,
				B2278C971C4F2E3C00BE7C05 /* Assets.xcassets */,
				B2278C991C4F2E3C00BE7C05 /* LaunchScreen.storyboard */,
				B2278C9C1C4F2E3C00BE7C05 /* Info.plist */,
				B2278CC21C4F38E800BE7C05 /* Animation-Bridging-Header.h */,
			);
			path = Animation;
			sourceTree = "<group>";
		};
		B2278CA41C4F2E3D00BE7C05 /* AnimationTests */ = {
			isa = PBXGroup;
			children = (
				B2278CA51C4F2E3D00BE7C05 /* AnimationTests.swift */,
				B2278CA71C4F2E3D00BE7C05 /* Info.plist */,
			);
			path = AnimationTests;
			sourceTree = "<group>";
		};
		B2278CAF1C4F2E3D00BE7C05 /* AnimationUITests */ = {
			isa = PBXGroup;
			children = (
				B2278CB01C4F2E3D00BE7C05 /* AnimationUITests.swift */,
				B2278CB21C4F2E3D00BE7C05 /* Info.plist */,
			);
			path = AnimationUITests;
			sourceTree = "<group>";
		};
		B2C18B8F1CE188DE00EB9D6E /* Mudule */ = {
			isa = PBXGroup;
			children = (
				B2C18BB01CE18F1900EB9D6E /* Rearrange */,
				B2C18BAC1CE18D5700EB9D6E /* Flip */,
				B2C18BA11CE18D1A00EB9D6E /* ButtonAnimation */,
				B2C18B931CE188DE00EB9D6E /* Snow */,
			);
			path = Mudule;
			sourceTree = "<group>";
		};
		B2C18B931CE188DE00EB9D6E /* Snow */ = {
			isa = PBXGroup;
			children = (
				B2C18B941CE188DE00EB9D6E /* Snow.swift */,
				B2C18B951CE188DE00EB9D6E /* SnowOC.h */,
				B2C18B961CE188DE00EB9D6E /* SnowOC.m */,
			);
			path = Snow;
			sourceTree = "<group>";
		};
		B2C18BA11CE18D1A00EB9D6E /* ButtonAnimation */ = {
			isa = PBXGroup;
			children = (
				B2C18BA21CE18D1A00EB9D6E /* Badge */,
				B2C18BA51CE18D1A00EB9D6E /* ButtonAnimationController.swift */,
				B2C18BA61CE18D1A00EB9D6E /* Zan */,
			);
			path = ButtonAnimation;
			sourceTree = "<group>";
		};
		B2C18BA21CE18D1A00EB9D6E /* Badge */ = {
			isa = PBXGroup;
			children = (
				B2C18BA31CE18D1A00EB9D6E /* UIButton+Badge.h */,
				B2C18BA41CE18D1A00EB9D6E /* UIButton+Badge.m */,
			);
			path = Badge;
			sourceTree = "<group>";
		};
		B2C18BA61CE18D1A00EB9D6E /* Zan */ = {
			isa = PBXGroup;
			children = (
				B2C18BA71CE18D1A00EB9D6E /* UIButton+ZanAnimation.h */,
				B2C18BA81CE18D1A00EB9D6E /* UIButton+ZanAnimation.m */,
			);
			path = Zan;
			sourceTree = "<group>";
		};
		B2C18BAC1CE18D5700EB9D6E /* Flip */ = {
			isa = PBXGroup;
			children = (
				B2C18BAD1CE18D5700EB9D6E /* FlipController.h */,
				B2C18BAE1CE18D5700EB9D6E /* FlipController.m */,
			);
			path = Flip;
			sourceTree = "<group>";
		};
		B2C18BB01CE18F1900EB9D6E /* Rearrange */ = {
			isa = PBXGroup;
			children = (
				B2C18BB11CE18F1900EB9D6E /* JSHLabelButton.h */,
				B2C18BB21CE18F1900EB9D6E /* JSHLabelButton.m */,
				B2C18BB31CE18F1900EB9D6E /* JSHLabelChooseView.h */,
				B2C18BB41CE18F1900EB9D6E /* JSHLabelChooseView.m */,
				B2C18BB51CE18F1900EB9D6E /* RearrageController.h */,
				B2C18BB61CE18F1900EB9D6E /* RearrageController.m */,
				B2C18BBA1CE1969900EB9D6E /* JSHBookLabels.plist */,
			);
			path = Rearrange;
			sourceTree = "<group>";
		};
/* End PBXGroup section */

/* Begin PBXNativeTarget section */
		B2278C8C1C4F2E3C00BE7C05 /* Animation */ = {
			isa = PBXNativeTarget;
			buildConfigurationList = B2278CB51C4F2E3D00BE7C05 /* Build configuration list for PBXNativeTarget "Animation" */;
			buildPhases = (
				B2278C891C4F2E3C00BE7C05 /* Sources */,
				B2278C8A1C4F2E3C00BE7C05 /* Frameworks */,
				B2278C8B1C4F2E3C00BE7C05 /* Resources */,
			);
			buildRules = (
			);
			dependencies = (
			);
			name = Animation;
			productName = Animation;
			productReference = B2278C8D1C4F2E3C00BE7C05 /* Animation.app */;
			productType = "com.apple.product-type.application";
		};
		B2278CA01C4F2E3D00BE7C05 /* AnimationTests */ = {
			isa = PBXNativeTarget;
			buildConfigurationList = B2278CB81C4F2E3D00BE7C05 /* Build configuration list for PBXNativeTarget "AnimationTests" */;
			buildPhases = (
				B2278C9D1C4F2E3D00BE7C05 /* Sources */,
				B2278C9E1C4F2E3D00BE7C05 /* Frameworks */,
				B2278C9F1C4F2E3D00BE7C05 /* Resources */,
			);
			buildRules = (
			);
			dependencies = (
				B2278CA31C4F2E3D00BE7C05 /* PBXTargetDependency */,
			);
			name = AnimationTests;
			productName = AnimationTests;
			productReference = B2278CA11C4F2E3D00BE7C05 /* AnimationTests.xctest */;
			productType = "com.apple.product-type.bundle.unit-test";
		};
		B2278CAB1C4F2E3D00BE7C05 /* AnimationUITests */ = {
			isa = PBXNativeTarget;
			buildConfigurationList = B2278CBB1C4F2E3D00BE7C05 /* Build configuration list for PBXNativeTarget "AnimationUITests" */;
			buildPhases = (
				B2278CA81C4F2E3D00BE7C05 /* Sources */,
				B2278CA91C4F2E3D00BE7C05 /* Frameworks */,
				B2278CAA1C4F2E3D00BE7C05 /* Resources */,
			);
			buildRules = (
			);
			dependencies = (
				B2278CAE1C4F2E3D00BE7C05 /* PBXTargetDependency */,
			);
			name = AnimationUITests;
			productName = AnimationUITests;
			productReference = B2278CAC1C4F2E3D00BE7C05 /* AnimationUITests.xctest */;
			productType = "com.apple.product-type.bundle.ui-testing";
		};
/* End PBXNativeTarget section */

/* Begin PBXProject section */
		B2278C851C4F2E3C00BE7C05 /* Project object */ = {
			isa = PBXProject;
			attributes = {
				LastSwiftUpdateCheck = 0720;
				LastUpgradeCheck = 0720;
				ORGANIZATIONNAME = DaiFengyi;
				TargetAttributes = {
					B2278C8C1C4F2E3C00BE7C05 = {
						CreatedOnToolsVersion = 7.2;
					};
					B2278CA01C4F2E3D00BE7C05 = {
						CreatedOnToolsVersion = 7.2;
						TestTargetID = B2278C8C1C4F2E3C00BE7C05;
					};
					B2278CAB1C4F2E3D00BE7C05 = {
						CreatedOnToolsVersion = 7.2;
						TestTargetID = B2278C8C1C4F2E3C00BE7C05;
					};
				};
			};
			buildConfigurationList = B2278C881C4F2E3C00BE7C05 /* Build configuration list for PBXProject "Animation" */;
			compatibilityVersion = "Xcode 3.2";
			developmentRegion = English;
			hasScannedForEncodings = 0;
			knownRegions = (
				en,
				Base,
			);
			mainGroup = B2278C841C4F2E3C00BE7C05;
			productRefGroup = B2278C8E1C4F2E3C00BE7C05 /* Products */;
			projectDirPath = "";
			projectRoot = "";
			targets = (
				B2278C8C1C4F2E3C00BE7C05 /* Animation */,
				B2278CA01C4F2E3D00BE7C05 /* AnimationTests */,
				B2278CAB1C4F2E3D00BE7C05 /* AnimationUITests */,
			);
		};
/* End PBXProject section */

/* Begin PBXResourcesBuildPhase section */
		B2278C8B1C4F2E3C00BE7C05 /* Resources */ = {
			isa = PBXResourcesBuildPhase;
			buildActionMask = 2147483647;
			files = (
				B2C18BBB1CE1969900EB9D6E /* JSHBookLabels.plist in Resources */,
				B2278C9B1C4F2E3C00BE7C05 /* LaunchScreen.storyboard in Resources */,
				B2278C981C4F2E3C00BE7C05 /* Assets.xcassets in Resources */,
				B2278C961C4F2E3C00BE7C05 /* Main.storyboard in Resources */,
			);
			runOnlyForDeploymentPostprocessing = 0;
		};
		B2278C9F1C4F2E3D00BE7C05 /* Resources */ = {
			isa = PBXResourcesBuildPhase;
			buildActionMask = 2147483647;
			files = (
			);
			runOnlyForDeploymentPostprocessing = 0;
		};
		B2278CAA1C4F2E3D00BE7C05 /* Resources */ = {
			isa = PBXResourcesBuildPhase;
			buildActionMask = 2147483647;
			files = (
			);
			runOnlyForDeploymentPostprocessing = 0;
		};
/* End PBXResourcesBuildPhase section */

/* Begin PBXSourcesBuildPhase section */
		B2278C891C4F2E3C00BE7C05 /* Sources */ = {
			isa = PBXSourcesBuildPhase;
			buildActionMask = 2147483647;
			files = (
				B2C18BAF1CE18D5700EB9D6E /* FlipController.m in Sources */,
				B2C18BAB1CE18D1A00EB9D6E /* UIButton+ZanAnimation.m in Sources */,
				B2C18B9B1CE188DE00EB9D6E /* Snow.swift in Sources */,
				B2C18BAA1CE18D1A00EB9D6E /* ButtonAnimationController.swift in Sources */,
				B2C18BB91CE18F1900EB9D6E /* RearrageController.m in Sources */,
				B2C18BB81CE18F1900EB9D6E /* JSHLabelChooseView.m in Sources */,
				B2C18BB71CE18F1900EB9D6E /* JSHLabelButton.m in Sources */,
				B2C18B9C1CE188DE00EB9D6E /* SnowOC.m in Sources */,
				B2278C911C4F2E3C00BE7C05 /* AppDelegate.swift in Sources */,
				B2C18BA91CE18D1A00EB9D6E /* UIButton+Badge.m in Sources */,
			);
			runOnlyForDeploymentPostprocessing = 0;
		};
		B2278C9D1C4F2E3D00BE7C05 /* Sources */ = {
			isa = PBXSourcesBuildPhase;
			buildActionMask = 2147483647;
			files = (
				B2278CA61C4F2E3D00BE7C05 /* AnimationTests.swift in Sources */,
			);
			runOnlyForDeploymentPostprocessing = 0;
		};
		B2278CA81C4F2E3D00BE7C05 /* Sources */ = {
			isa = PBXSourcesBuildPhase;
			buildActionMask = 2147483647;
			files = (
				B2278CB11C4F2E3D00BE7C05 /* AnimationUITests.swift in Sources */,
			);
			runOnlyForDeploymentPostprocessing = 0;
		};
/* End PBXSourcesBuildPhase section */

/* Begin PBXTargetDependency section */
		B2278CA31C4F2E3D00BE7C05 /* PBXTargetDependency */ = {
			isa = PBXTargetDependency;
			target = B2278C8C1C4F2E3C00BE7C05 /* Animation */;
			targetProxy = B2278CA21C4F2E3D00BE7C05 /* PBXContainerItemProxy */;
		};
		B2278CAE1C4F2E3D00BE7C05 /* PBXTargetDependency */ = {
			isa = PBXTargetDependency;
			target = B2278C8C1C4F2E3C00BE7C05 /* Animation */;
			targetProxy = B2278CAD1C4F2E3D00BE7C05 /* PBXContainerItemProxy */;
		};
/* End PBXTargetDependency section */

/* Begin PBXVariantGroup section */
		B2278C941C4F2E3C00BE7C05 /* Main.storyboard */ = {
			isa = PBXVariantGroup;
			children = (
				B2278C951C4F2E3C00BE7C05 /* Base */,
			);
			name = Main.storyboard;
			sourceTree = "<group>";
		};
		B2278C991C4F2E3C00BE7C05 /* LaunchScreen.storyboard */ = {
			isa = PBXVariantGroup;
			children = (
				B2278C9A1C4F2E3C00BE7C05 /* Base */,
			);
			name = LaunchScreen.storyboard;
			sourceTree = "<group>";
		};
/* End PBXVariantGroup section */

/* Begin XCBuildConfiguration section */
		B2278CB31C4F2E3D00BE7C05 /* Debug */ = {
			isa = XCBuildConfiguration;
			buildSettings = {
				ALWAYS_SEARCH_USER_PATHS = NO;
				CLANG_CXX_LANGUAGE_STANDARD = "gnu++0x";
				CLANG_CXX_LIBRARY = "libc++";
				CLANG_ENABLE_MODULES = YES;
				CLANG_ENABLE_OBJC_ARC = YES;
				CLANG_WARN_BOOL_CONVERSION = YES;
				CLANG_WARN_CONSTANT_CONVERSION = YES;
				CLANG_WARN_DIRECT_OBJC_ISA_USAGE = YES_ERROR;
				CLANG_WARN_EMPTY_BODY = YES;
				CLANG_WARN_ENUM_CONVERSION = YES;
				CLANG_WARN_INT_CONVERSION = YES;
				CLANG_WARN_OBJC_ROOT_CLASS = YES_ERROR;
				CLANG_WARN_UNREACHABLE_CODE = YES;
				CLANG_WARN__DUPLICATE_METHOD_MATCH = YES;
				"CODE_SIGN_IDENTITY[sdk=iphoneos*]" = "iPhone Developer";
				COPY_PHASE_STRIP = NO;
				DEBUG_INFORMATION_FORMAT = dwarf;
				ENABLE_STRICT_OBJC_MSGSEND = YES;
				ENABLE_TESTABILITY = YES;
				GCC_C_LANGUAGE_STANDARD = gnu99;
				GCC_DYNAMIC_NO_PIC = NO;
				GCC_NO_COMMON_BLOCKS = YES;
				GCC_OPTIMIZATION_LEVEL = 0;
				GCC_PREPROCESSOR_DEFINITIONS = (
					"DEBUG=1",
					"$(inherited)",
				);
				GCC_WARN_64_TO_32_BIT_CONVERSION = YES;
				GCC_WARN_ABOUT_RETURN_TYPE = YES_ERROR;
				GCC_WARN_UNDECLARED_SELECTOR = YES;
				GCC_WARN_UNINITIALIZED_AUTOS = YES_AGGRESSIVE;
				GCC_WARN_UNUSED_FUNCTION = YES;
				GCC_WARN_UNUSED_VARIABLE = YES;
				IPHONEOS_DEPLOYMENT_TARGET = 9.2;
				MTL_ENABLE_DEBUG_INFO = YES;
				ONLY_ACTIVE_ARCH = YES;
				SDKROOT = iphoneos;
				SWIFT_OPTIMIZATION_LEVEL = "-Onone";
			};
			name = Debug;
		};
		B2278CB41C4F2E3D00BE7C05 /* Release */ = {
			isa = XCBuildConfiguration;
			buildSettings = {
				ALWAYS_SEARCH_USER_PATHS = NO;
				CLANG_CXX_LANGUAGE_STANDARD = "gnu++0x";
				CLANG_CXX_LIBRARY = "libc++";
				CLANG_ENABLE_MODULES = YES;
				CLANG_ENABLE_OBJC_ARC = YES;
				CLANG_WARN_BOOL_CONVERSION = YES;
				CLANG_WARN_CONSTANT_CONVERSION = YES;
				CLANG_WARN_DIRECT_OBJC_ISA_USAGE = YES_ERROR;
				CLANG_WARN_EMPTY_BODY = YES;
				CLANG_WARN_ENUM_CONVERSION = YES;
				CLANG_WARN_INT_CONVERSION = YES;
				CLANG_WARN_OBJC_ROOT_CLASS = YES_ERROR;
				CLANG_WARN_UNREACHABLE_CODE = YES;
				CLANG_WARN__DUPLICATE_METHOD_MATCH = YES;
				"CODE_SIGN_IDENTITY[sdk=iphoneos*]" = "iPhone Developer";
				COPY_PHASE_STRIP = NO;
				DEBUG_INFORMATION_FORMAT = "dwarf-with-dsym";
				ENABLE_NS_ASSERTIONS = NO;
				ENABLE_STRICT_OBJC_MSGSEND = YES;
				GCC_C_LANGUAGE_STANDARD = gnu99;
				GCC_NO_COMMON_BLOCKS = YES;
				GCC_WARN_64_TO_32_BIT_CONVERSION = YES;
				GCC_WARN_ABOUT_RETURN_TYPE = YES_ERROR;
				GCC_WARN_UNDECLARED_SELECTOR = YES;
				GCC_WARN_UNINITIALIZED_AUTOS = YES_AGGRESSIVE;
				GCC_WARN_UNUSED_FUNCTION = YES;
				GCC_WARN_UNUSED_VARIABLE = YES;
				IPHONEOS_DEPLOYMENT_TARGET = 9.2;
				MTL_ENABLE_DEBUG_INFO = NO;
				SDKROOT = iphoneos;
				VALIDATE_PRODUCT = YES;
			};
			name = Release;
		};
		B2278CB61C4F2E3D00BE7C05 /* Debug */ = {
			isa = XCBuildConfiguration;
			buildSettings = {
				ASSETCATALOG_COMPILER_APPICON_NAME = AppIcon;
				CLANG_ENABLE_MODULES = YES;
				INFOPLIST_FILE = Animation/Info.plist;
				LD_RUNPATH_SEARCH_PATHS = "$(inherited) @executable_path/Frameworks";
				PRODUCT_BUNDLE_IDENTIFIER = com.ChildrenOurFuture.Animation;
				PRODUCT_NAME = "$(TARGET_NAME)";
				SWIFT_OBJC_BRIDGING_HEADER = "Animation/Animation-Bridging-Header.h";
				SWIFT_OPTIMIZATION_LEVEL = "-Onone";
			};
			name = Debug;
		};
		B2278CB71C4F2E3D00BE7C05 /* Release */ = {
			isa = XCBuildConfiguration;
			buildSettings = {
				ASSETCATALOG_COMPILER_APPICON_NAME = AppIcon;
				CLANG_ENABLE_MODULES = YES;
				INFOPLIST_FILE = Animation/Info.plist;
				LD_RUNPATH_SEARCH_PATHS = "$(inherited) @executable_path/Frameworks";
				PRODUCT_BUNDLE_IDENTIFIER = com.ChildrenOurFuture.Animation;
				PRODUCT_NAME = "$(TARGET_NAME)";
				SWIFT_OBJC_BRIDGING_HEADER = "Animation/Animation-Bridging-Header.h";
			};
			name = Release;
		};
		B2278CB91C4F2E3D00BE7C05 /* Debug */ = {
			isa = XCBuildConfiguration;
			buildSettings = {
				BUNDLE_LOADER = "$(TEST_HOST)";
				INFOPLIST_FILE = AnimationTests/Info.plist;
				LD_RUNPATH_SEARCH_PATHS = "$(inherited) @executable_path/Frameworks @loader_path/Frameworks";
				PRODUCT_BUNDLE_IDENTIFIER = com.ChildrenOurFuture.AnimationTests;
				PRODUCT_NAME = "$(TARGET_NAME)";
				TEST_HOST = "$(BUILT_PRODUCTS_DIR)/Animation.app/Animation";
			};
			name = Debug;
		};
		B2278CBA1C4F2E3D00BE7C05 /* Release */ = {
			isa = XCBuildConfiguration;
			buildSettings = {
				BUNDLE_LOADER = "$(TEST_HOST)";
				INFOPLIST_FILE = AnimationTests/Info.plist;
				LD_RUNPATH_SEARCH_PATHS = "$(inherited) @executable_path/Frameworks @loader_path/Frameworks";
				PRODUCT_BUNDLE_IDENTIFIER = com.ChildrenOurFuture.AnimationTests;
				PRODUCT_NAME = "$(TARGET_NAME)";
				TEST_HOST = "$(BUILT_PRODUCTS_DIR)/Animation.app/Animation";
			};
			name = Release;
		};
		B2278CBC1C4F2E3D00BE7C05 /* Debug */ = {
			isa = XCBuildConfiguration;
			buildSettings = {
				INFOPLIST_FILE = AnimationUITests/Info.plist;
				LD_RUNPATH_SEARCH_PATHS = "$(inherited) @executable_path/Frameworks @loader_path/Frameworks";
				PRODUCT_BUNDLE_IDENTIFIER = com.ChildrenOurFuture.AnimationUITests;
				PRODUCT_NAME = "$(TARGET_NAME)";
				TEST_TARGET_NAME = Animation;
				USES_XCTRUNNER = YES;
			};
			name = Debug;
		};
		B2278CBD1C4F2E3D00BE7C05 /* Release */ = {
			isa = XCBuildConfiguration;
			buildSettings = {
				INFOPLIST_FILE = AnimationUITests/Info.plist;
				LD_RUNPATH_SEARCH_PATHS = "$(inherited) @executable_path/Frameworks @loader_path/Frameworks";
				PRODUCT_BUNDLE_IDENTIFIER = com.ChildrenOurFuture.AnimationUITests;
				PRODUCT_NAME = "$(TARGET_NAME)";
				TEST_TARGET_NAME = Animation;
				USES_XCTRUNNER = YES;
			};
			name = Release;
		};
/* End XCBuildConfiguration section */

/* Begin XCConfigurationList section */
		B2278C881C4F2E3C00BE7C05 /* Build configuration list for PBXProject "Animation" */ = {
			isa = XCConfigurationList;
			buildConfigurations = (
				B2278CB31C4F2E3D00BE7C05 /* Debug */,
				B2278CB41C4F2E3D00BE7C05 /* Release */,
			);
			defaultConfigurationIsVisible = 0;
			defaultConfigurationName = Release;
		};
		B2278CB51C4F2E3D00BE7C05 /* Build configuration list for PBXNativeTarget "Animation" */ = {
			isa = XCConfigurationList;
			buildConfigurations = (
				B2278CB61C4F2E3D00BE7C05 /* Debug */,
				B2278CB71C4F2E3D00BE7C05 /* Release */,
			);
			defaultConfigurationIsVisible = 0;
			defaultConfigurationName = Release;
		};
		B2278CB81C4F2E3D00BE7C05 /* Build configuration list for PBXNativeTarget "AnimationTests" */ = {
			isa = XCConfigurationList;
			buildConfigurations = (
				B2278CB91C4F2E3D00BE7C05 /* Debug */,
				B2278CBA1C4F2E3D00BE7C05 /* Release */,
			);
			defaultConfigurationIsVisible = 0;
			defaultConfigurationName = Release;
		};
		B2278CBB1C4F2E3D00BE7C05 /* Build configuration list for PBXNativeTarget "AnimationUITests" */ = {
			isa = XCConfigurationList;
			buildConfigurations = (
				B2278CBC1C4F2E3D00BE7C05 /* Debug */,
				B2278CBD1C4F2E3D00BE7C05 /* Release */,
			);
			defaultConfigurationIsVisible = 0;
			defaultConfigurationName = Release;
		};
/* End XCConfigurationList section */
	};
	rootObject = B2278C851C4F2E3C00BE7C05 /* Project object */;
}
