// !$*UTF8*$!
{
	archiveVersion = 1;
	classes = {
	};
	objectVersion = 46;
	objects = {

/* Begin PBXBuildFile section */
		200FE9821AF7243F00018467 /* JSBSSettingHeaderVC.m in Sources */ = {isa = PBXBuildFile; fileRef = 200FE9801AF7243F00018467 /* JSBSSettingHeaderVC.m */; };
		200FE9831AF7243F00018467 /* JSBSSettingHeaderVC.xib in Resources */ = {isa = PBXBuildFile; fileRef = 200FE9811AF7243F00018467 /* JSBSSettingHeaderVC.xib */; };
		202179FD1AF21F0E0089821A /* main.m in Sources */ = {isa = PBXBuildFile; fileRef = 202179FC1AF21F0E0089821A /* main.m */; };
		20217A001AF21F0E0089821A /* AppDelegate.m in Sources */ = {isa = PBXBuildFile; fileRef = 202179FF1AF21F0E0089821A /* AppDelegate.m */; };
		20217A031AF21F0E0089821A /* ViewController.m in Sources */ = {isa = PBXBuildFile; fileRef = 20217A021AF21F0E0089821A /* ViewController.m */; };
		20217A061AF21F0E0089821A /* Main.storyboard in Resources */ = {isa = PBXBuildFile; fileRef = 20217A041AF21F0E0089821A /* Main.storyboard */; };
		20217A081AF21F0E0089821A /* Images.xcassets in Resources */ = {isa = PBXBuildFile; fileRef = 20217A071AF21F0E0089821A /* Images.xcassets */; };
		20217A0B1AF21F0E0089821A /* LaunchScreen.xib in Resources */ = {isa = PBXBuildFile; fileRef = 20217A091AF21F0E0089821A /* LaunchScreen.xib */; };
		20217A171AF21F0F0089821A /* headerAndImagesTests.m in Sources */ = {isa = PBXBuildFile; fileRef = 20217A161AF21F0F0089821A /* headerAndImagesTests.m */; };
		20217A211AF21FC50089821A /* AssetsLibrary.framework in Frameworks */ = {isa = PBXBuildFile; fileRef = 20217A201AF21FC50089821A /* AssetsLibrary.framework */; };
		20217A231AF23C1A0089821A /* 38mm-Walkway@2x.png in Resources */ = {isa = PBXBuildFile; fileRef = 20217A221AF23C1A0089821A /* 38mm-Walkway@2x.png */; };
/* End PBXBuildFile section */

/* Begin PBXContainerItemProxy section */
		20217A111AF21F0F0089821A /* PBXContainerItemProxy */ = {
			isa = PBXContainerItemProxy;
			containerPortal = 202179EF1AF21F0E0089821A /* Project object */;
			proxyType = 1;
			remoteGlobalIDString = 202179F61AF21F0E0089821A;
			remoteInfo = headerAndImages;
		};
/* End PBXContainerItemProxy section */

/* Begin PBXFileReference section */
		200FE97F1AF7243F00018467 /* JSBSSettingHeaderVC.h */ = {isa = PBXFileReference; fileEncoding = 4; lastKnownFileType = sourcecode.c.h; path = JSBSSettingHeaderVC.h; sourceTree = "<group>"; };
		200FE9801AF7243F00018467 /* JSBSSettingHeaderVC.m */ = {isa = PBXFileReference; fileEncoding = 4; lastKnownFileType = sourcecode.c.objc; path = JSBSSettingHeaderVC.m; sourceTree = "<group>"; };
		200FE9811AF7243F00018467 /* JSBSSettingHeaderVC.xib */ = {isa = PBXFileReference; fileEncoding = 4; lastKnownFileType = file.xib; path = JSBSSettingHeaderVC.xib; sourceTree = "<group>"; };
		202179F71AF21F0E0089821A /* headerAndImages.app */ = {isa = PBXFileReference; explicitFileType = wrapper.application; includeInIndex = 0; path = headerAndImages.app; sourceTree = BUILT_PRODUCTS_DIR; };
		202179FB1AF21F0E0089821A /* Info.plist */ = {isa = PBXFileReference; lastKnownFileType = text.plist.xml; path = Info.plist; sourceTree = "<group>"; };
		202179FC1AF21F0E0089821A /* main.m */ = {isa = PBXFileReference; lastKnownFileType = sourcecode.c.objc; path = main.m; sourceTree = "<group>"; };
		202179FE1AF21F0E0089821A /* AppDelegate.h */ = {isa = PBXFileReference; lastKnownFileType = sourcecode.c.h; path = AppDelegate.h; sourceTree = "<group>"; };
		202179FF1AF21F0E0089821A /* AppDelegate.m */ = {isa = PBXFileReference; lastKnownFileType = sourcecode.c.objc; path = AppDelegate.m; sourceTree = "<group>"; };
		20217A011AF21F0E0089821A /* ViewController.h */ = {isa = PBXFileReference; lastKnownFileType = sourcecode.c.h; path = ViewController.h; sourceTree = "<group>"; };
		20217A021AF21F0E0089821A /* ViewController.m */ = {isa = PBXFileReference; lastKnownFileType = sourcecode.c.objc; path = ViewController.m; sourceTree = "<group>"; };
		20217A051AF21F0E0089821A /* Base */ = {isa = PBXFileReference; lastKnownFileType = file.storyboard; name = Base; path = Base.lproj/Main.storyboard; sourceTree = "<group>"; };
		20217A071AF21F0E0089821A /* Images.xcassets */ = {isa = PBXFileReference; lastKnownFileType = folder.assetcatalog; path = Images.xcassets; sourceTree = "<group>"; };
		20217A0A1AF21F0E0089821A /* Base */ = {isa = PBXFileReference; lastKnownFileType = file.xib; name = Base; path = Base.lproj/LaunchScreen.xib; sourceTree = "<group>"; };
		20217A101AF21F0F0089821A /* headerAndImagesTests.xctest */ = {isa = PBXFileReference; explicitFileType = wrapper.cfbundle; includeInIndex = 0; path = headerAndImagesTests.xctest; sourceTree = BUILT_PRODUCTS_DIR; };
		20217A151AF21F0F0089821A /* Info.plist */ = {isa = PBXFileReference; lastKnownFileType = text.plist.xml; path = Info.plist; sourceTree = "<group>"; };
		20217A161AF21F0F0089821A /* headerAndImagesTests.m */ = {isa = PBXFileReference; lastKnownFileType = sourcecode.c.objc; path = headerAndImagesTests.m; sourceTree = "<group>"; };
		20217A201AF21FC50089821A /* AssetsLibrary.framework */ = {isa = PBXFileReference; lastKnownFileType = wrapper.framework; name = AssetsLibrary.framework; path = System/Library/Frameworks/AssetsLibrary.framework; sourceTree = SDKROOT; };
		20217A221AF23C1A0089821A /* 38mm-Walkway@2x.png */ = {isa = PBXFileReference; lastKnownFileType = image.png; path = "38mm-Walkway@2x.png"; sourceTree = "<group>"; };
/* End PBXFileReference section */

/* Begin PBXFrameworksBuildPhase section */
		202179F41AF21F0E0089821A /* Frameworks */ = {
			isa = PBXFrameworksBuildPhase;
			buildActionMask = 2147483647;
			files = (
				20217A211AF21FC50089821A /* AssetsLibrary.framework in Frameworks */,
			);
			runOnlyForDeploymentPostprocessing = 0;
		};
		20217A0D1AF21F0F0089821A /* Frameworks */ = {
			isa = PBXFrameworksBuildPhase;
			buildActionMask = 2147483647;
			files = (
			);
			runOnlyForDeploymentPostprocessing = 0;
		};
/* End PBXFrameworksBuildPhase section */

/* Begin PBXGroup section */
		200FE97E1AF7243F00018467 /* Controller */ = {
			isa = PBXGroup;
			children = (
				200FE97F1AF7243F00018467 /* JSBSSettingHeaderVC.h */,
				200FE9801AF7243F00018467 /* JSBSSettingHeaderVC.m */,
				200FE9811AF7243F00018467 /* JSBSSettingHeaderVC.xib */,
			);
			path = Controller;
			sourceTree = "<group>";
		};
		202179EE1AF21F0E0089821A = {
			isa = PBXGroup;
			children = (
				20217A201AF21FC50089821A /* AssetsLibrary.framework */,
				202179F91AF21F0E0089821A /* headerAndImages */,
				20217A131AF21F0F0089821A /* headerAndImagesTests */,
				202179F81AF21F0E0089821A /* Products */,
			);
			sourceTree = "<group>";
		};
		202179F81AF21F0E0089821A /* Products */ = {
			isa = PBXGroup;
			children = (
				202179F71AF21F0E0089821A /* headerAndImages.app */,
				20217A101AF21F0F0089821A /* headerAndImagesTests.xctest */,
			);
			name = Products;
			sourceTree = "<group>";
		};
		202179F91AF21F0E0089821A /* headerAndImages */ = {
			isa = PBXGroup;
			children = (
				200FE97E1AF7243F00018467 /* Controller */,
				20217A221AF23C1A0089821A /* 38mm-Walkway@2x.png */,
				202179FE1AF21F0E0089821A /* AppDelegate.h */,
				202179FF1AF21F0E0089821A /* AppDelegate.m */,
				20217A011AF21F0E0089821A /* ViewController.h */,
				20217A021AF21F0E0089821A /* ViewController.m */,
				20217A041AF21F0E0089821A /* Main.storyboard */,
				20217A071AF21F0E0089821A /* Images.xcassets */,
				20217A091AF21F0E0089821A /* LaunchScreen.xib */,
				202179FA1AF21F0E0089821A /* Supporting Files */,
			);
			path = headerAndImages;
			sourceTree = "<group>";
		};
		202179FA1AF21F0E0089821A /* Supporting Files */ = {
			isa = PBXGroup;
			children = (
				202179FB1AF21F0E0089821A /* Info.plist */,
				202179FC1AF21F0E0089821A /* main.m */,
			);
			name = "Supporting Files";
			sourceTree = "<group>";
		};
		20217A131AF21F0F0089821A /* headerAndImagesTests */ = {
			isa = PBXGroup;
			children = (
				20217A161AF21F0F0089821A /* headerAndImagesTests.m */,
				20217A141AF21F0F0089821A /* Supporting Files */,
			);
			path = headerAndImagesTests;
			sourceTree = "<group>";
		};
		20217A141AF21F0F0089821A /* Supporting Files */ = {
			isa = PBXGroup;
			children = (
				20217A151AF21F0F0089821A /* Info.plist */,
			);
			name = "Supporting Files";
			sourceTree = "<group>";
		};
/* End PBXGroup section */

/* Begin PBXNativeTarget section */
		202179F61AF21F0E0089821A /* headerAndImages */ = {
			isa = PBXNativeTarget;
			buildConfigurationList = 20217A1A1AF21F0F0089821A /* Build configuration list for PBXNativeTarget "headerAndImages" */;
			buildPhases = (
				202179F31AF21F0E0089821A /* Sources */,
				202179F41AF21F0E0089821A /* Frameworks */,
				202179F51AF21F0E0089821A /* Resources */,
			);
			buildRules = (
			);
			dependencies = (
			);
			name = headerAndImages;
			productName = headerAndImages;
			productReference = 202179F71AF21F0E0089821A /* headerAndImages.app */;
			productType = "com.apple.product-type.application";
		};
		20217A0F1AF21F0F0089821A /* headerAndImagesTests */ = {
			isa = PBXNativeTarget;
			buildConfigurationList = 20217A1D1AF21F0F0089821A /* Build configuration list for PBXNativeTarget "headerAndImagesTests" */;
			buildPhases = (
				20217A0C1AF21F0F0089821A /* Sources */,
				20217A0D1AF21F0F0089821A /* Frameworks */,
				20217A0E1AF21F0F0089821A /* Resources */,
			);
			buildRules = (
			);
			dependencies = (
				20217A121AF21F0F0089821A /* PBXTargetDependency */,
			);
			name = headerAndImagesTests;
			productName = headerAndImagesTests;
			productReference = 20217A101AF21F0F0089821A /* headerAndImagesTests.xctest */;
			productType = "com.apple.product-type.bundle.unit-test";
		};
/* End PBXNativeTarget section */

/* Begin PBXProject section */
		202179EF1AF21F0E0089821A /* Project object */ = {
			isa = PBXProject;
			attributes = {
				LastUpgradeCheck = 0630;
				ORGANIZATIONNAME = dai.fy;
				TargetAttributes = {
					202179F61AF21F0E0089821A = {
						CreatedOnToolsVersion = 6.3.1;
					};
					20217A0F1AF21F0F0089821A = {
						CreatedOnToolsVersion = 6.3.1;
						TestTargetID = 202179F61AF21F0E0089821A;
					};
				};
			};
			buildConfigurationList = 202179F21AF21F0E0089821A /* Build configuration list for PBXProject "headerAndImages" */;
			compatibilityVersion = "Xcode 3.2";
			developmentRegion = English;
			hasScannedForEncodings = 0;
			knownRegions = (
				en,
				Base,
			);
			mainGroup = 202179EE1AF21F0E0089821A;
			productRefGroup = 202179F81AF21F0E0089821A /* Products */;
			projectDirPath = "";
			projectRoot = "";
			targets = (
				202179F61AF21F0E0089821A /* headerAndImages */,
				20217A0F1AF21F0F0089821A /* headerAndImagesTests */,
			);
		};
/* End PBXProject section */

/* Begin PBXResourcesBuildPhase section */
		202179F51AF21F0E0089821A /* Resources */ = {
			isa = PBXResourcesBuildPhase;
			buildActionMask = 2147483647;
			files = (
				20217A061AF21F0E0089821A /* Main.storyboard in Resources */,
				200FE9831AF7243F00018467 /* JSBSSettingHeaderVC.xib in Resources */,
				20217A0B1AF21F0E0089821A /* LaunchScreen.xib in Resources */,
				20217A231AF23C1A0089821A /* 38mm-Walkway@2x.png in Resources */,
				20217A081AF21F0E0089821A /* Images.xcassets in Resources */,
			);
			runOnlyForDeploymentPostprocessing = 0;
		};
		20217A0E1AF21F0F0089821A /* Resources */ = {
			isa = PBXResourcesBuildPhase;
			buildActionMask = 2147483647;
			files = (
			);
			runOnlyForDeploymentPostprocessing = 0;
		};
/* End PBXResourcesBuildPhase section */

/* Begin PBXSourcesBuildPhase section */
		202179F31AF21F0E0089821A /* Sources */ = {
			isa = PBXSourcesBuildPhase;
			buildActionMask = 2147483647;
			files = (
				20217A031AF21F0E0089821A /* ViewController.m in Sources */,
				20217A001AF21F0E0089821A /* AppDelegate.m in Sources */,
				200FE9821AF7243F00018467 /* JSBSSettingHeaderVC.m in Sources */,
				202179FD1AF21F0E0089821A /* main.m in Sources */,
			);
			runOnlyForDeploymentPostprocessing = 0;
		};
		20217A0C1AF21F0F0089821A /* Sources */ = {
			isa = PBXSourcesBuildPhase;
			buildActionMask = 2147483647;
			files = (
				20217A171AF21F0F0089821A /* headerAndImagesTests.m in Sources */,
			);
			runOnlyForDeploymentPostprocessing = 0;
		};
/* End PBXSourcesBuildPhase section */

/* Begin PBXTargetDependency section */
		20217A121AF21F0F0089821A /* PBXTargetDependency */ = {
			isa = PBXTargetDependency;
			target = 202179F61AF21F0E0089821A /* headerAndImages */;
			targetProxy = 20217A111AF21F0F0089821A /* PBXContainerItemProxy */;
		};
/* End PBXTargetDependency section */

/* Begin PBXVariantGroup section */
		20217A041AF21F0E0089821A /* Main.storyboard */ = {
			isa = PBXVariantGroup;
			children = (
				20217A051AF21F0E0089821A /* Base */,
			);
			name = Main.storyboard;
			sourceTree = "<group>";
		};
		20217A091AF21F0E0089821A /* LaunchScreen.xib */ = {
			isa = PBXVariantGroup;
			children = (
				20217A0A1AF21F0E0089821A /* Base */,
			);
			name = LaunchScreen.xib;
			sourceTree = "<group>";
		};
/* End PBXVariantGroup section */

/* Begin XCBuildConfiguration section */
		20217A181AF21F0F0089821A /* Debug */ = {
			isa = XCBuildConfiguration;
			buildSettings = {
				ALWAYS_SEARCH_USER_PATHS = NO;
				CLANG_CXX_LANGUAGE_STANDARD = "gnu++0x";
				CLANG_CXX_LIBRARY = "libc++";
				CLANG_ENABLE_MODULES = YES;
				CLANG_ENABLE_OBJC_ARC = YES;
				CLANG_WARN_BOOL_CONVERSION = YES;
				CLANG_WARN_CONSTANT_CONVERSION = YES;
				CLANG_WARN_DIRECT_OBJC_ISA_USAGE = YES_ERROR;
				CLANG_WARN_EMPTY_BODY = YES;
				CLANG_WARN_ENUM_CONVERSION = YES;
				CLANG_WARN_INT_CONVERSION = YES;
				CLANG_WARN_OBJC_ROOT_CLASS = YES_ERROR;
				CLANG_WARN_UNREACHABLE_CODE = YES;
				CLANG_WARN__DUPLICATE_METHOD_MATCH = YES;
				"CODE_SIGN_IDENTITY[sdk=iphoneos*]" = "iPhone Developer";
				COPY_PHASE_STRIP = NO;
				DEBUG_INFORMATION_FORMAT = "dwarf-with-dsym";
				ENABLE_STRICT_OBJC_MSGSEND = YES;
				GCC_C_LANGUAGE_STANDARD = gnu99;
				GCC_DYNAMIC_NO_PIC = NO;
				GCC_NO_COMMON_BLOCKS = YES;
				GCC_OPTIMIZATION_LEVEL = 0;
				GCC_PREPROCESSOR_DEFINITIONS = (
					"DEBUG=1",
					"$(inherited)",
				);
				GCC_SYMBOLS_PRIVATE_EXTERN = NO;
				GCC_WARN_64_TO_32_BIT_CONVERSION = YES;
				GCC_WARN_ABOUT_RETURN_TYPE = YES_ERROR;
				GCC_WARN_UNDECLARED_SELECTOR = YES;
				GCC_WARN_UNINITIALIZED_AUTOS = YES_AGGRESSIVE;
				GCC_WARN_UNUSED_FUNCTION = YES;
				GCC_WARN_UNUSED_VARIABLE = YES;
				IPHONEOS_DEPLOYMENT_TARGET = 8.3;
				MTL_ENABLE_DEBUG_INFO = YES;
				ONLY_ACTIVE_ARCH = YES;
				SDKROOT = iphoneos;
			};
			name = Debug;
		};
		20217A191AF21F0F0089821A /* Release */ = {
			isa = XCBuildConfiguration;
			buildSettings = {
				ALWAYS_SEARCH_USER_PATHS = NO;
				CLANG_CXX_LANGUAGE_STANDARD = "gnu++0x";
				CLANG_CXX_LIBRARY = "libc++";
				CLANG_ENABLE_MODULES = YES;
				CLANG_ENABLE_OBJC_ARC = YES;
				CLANG_WARN_BOOL_CONVERSION = YES;
				CLANG_WARN_CONSTANT_CONVERSION = YES;
				CLANG_WARN_DIRECT_OBJC_ISA_USAGE = YES_ERROR;
				CLANG_WARN_EMPTY_BODY = YES;
				CLANG_WARN_ENUM_CONVERSION = YES;
				CLANG_WARN_INT_CONVERSION = YES;
				CLANG_WARN_OBJC_ROOT_CLASS = YES_ERROR;
				CLANG_WARN_UNREACHABLE_CODE = YES;
				CLANG_WARN__DUPLICATE_METHOD_MATCH = YES;
				"CODE_SIGN_IDENTITY[sdk=iphoneos*]" = "iPhone Developer";
				COPY_PHASE_STRIP = NO;
				DEBUG_INFORMATION_FORMAT = "dwarf-with-dsym";
				ENABLE_NS_ASSERTIONS = NO;
				ENABLE_STRICT_OBJC_MSGSEND = YES;
				GCC_C_LANGUAGE_STANDARD = gnu99;
				GCC_NO_COMMON_BLOCKS = YES;
				GCC_WARN_64_TO_32_BIT_CONVERSION = YES;
				GCC_WARN_ABOUT_RETURN_TYPE = YES_ERROR;
				GCC_WARN_UNDECLARED_SELECTOR = YES;
				GCC_WARN_UNINITIALIZED_AUTOS = YES_AGGRESSIVE;
				GCC_WARN_UNUSED_FUNCTION = YES;
				GCC_WARN_UNUSED_VARIABLE = YES;
				IPHONEOS_DEPLOYMENT_TARGET = 8.3;
				MTL_ENABLE_DEBUG_INFO = NO;
				SDKROOT = iphoneos;
				VALIDATE_PRODUCT = YES;
			};
			name = Release;
		};
		20217A1B1AF21F0F0089821A /* Debug */ = {
			isa = XCBuildConfiguration;
			buildSettings = {
				ASSETCATALOG_COMPILER_APPICON_NAME = AppIcon;
				INFOPLIST_FILE = headerAndImages/Info.plist;
				LD_RUNPATH_SEARCH_PATHS = "$(inherited) @executable_path/Frameworks";
				PRODUCT_NAME = "$(TARGET_NAME)";
			};
			name = Debug;
		};
		20217A1C1AF21F0F0089821A /* Release */ = {
			isa = XCBuildConfiguration;
			buildSettings = {
				ASSETCATALOG_COMPILER_APPICON_NAME = AppIcon;
				INFOPLIST_FILE = headerAndImages/Info.plist;
				LD_RUNPATH_SEARCH_PATHS = "$(inherited) @executable_path/Frameworks";
				PRODUCT_NAME = "$(TARGET_NAME)";
			};
			name = Release;
		};
		20217A1E1AF21F0F0089821A /* Debug */ = {
			isa = XCBuildConfiguration;
			buildSettings = {
				BUNDLE_LOADER = "$(TEST_HOST)";
				FRAMEWORK_SEARCH_PATHS = (
					"$(SDKROOT)/Developer/Library/Frameworks",
					"$(inherited)",
				);
				GCC_PREPROCESSOR_DEFINITIONS = (
					"DEBUG=1",
					"$(inherited)",
				);
				INFOPLIST_FILE = headerAndImagesTests/Info.plist;
				LD_RUNPATH_SEARCH_PATHS = "$(inherited) @executable_path/Frameworks @loader_path/Frameworks";
				PRODUCT_NAME = "$(TARGET_NAME)";
				TEST_HOST = "$(BUILT_PRODUCTS_DIR)/headerAndImages.app/headerAndImages";
			};
			name = Debug;
		};
		20217A1F1AF21F0F0089821A /* Release */ = {
			isa = XCBuildConfiguration;
			buildSettings = {
				BUNDLE_LOADER = "$(TEST_HOST)";
				FRAMEWORK_SEARCH_PATHS = (
					"$(SDKROOT)/Developer/Library/Frameworks",
					"$(inherited)",
				);
				INFOPLIST_FILE = headerAndImagesTests/Info.plist;
				LD_RUNPATH_SEARCH_PATHS = "$(inherited) @executable_path/Frameworks @loader_path/Frameworks";
				PRODUCT_NAME = "$(TARGET_NAME)";
				TEST_HOST = "$(BUILT_PRODUCTS_DIR)/headerAndImages.app/headerAndImages";
			};
			name = Release;
		};
/* End XCBuildConfiguration section */

/* Begin XCConfigurationList section */
		202179F21AF21F0E0089821A /* Build configuration list for PBXProject "headerAndImages" */ = {
			isa = XCConfigurationList;
			buildConfigurations = (
				20217A181AF21F0F0089821A /* Debug */,
				20217A191AF21F0F0089821A /* Release */,
			);
			defaultConfigurationIsVisible = 0;
			defaultConfigurationName = Release;
		};
		20217A1A1AF21F0F0089821A /* Build configuration list for PBXNativeTarget "headerAndImages" */ = {
			isa = XCConfigurationList;
			buildConfigurations = (
				20217A1B1AF21F0F0089821A /* Debug */,
				20217A1C1AF21F0F0089821A /* Release */,
			);
			defaultConfigurationIsVisible = 0;
			defaultConfigurationName = Release;
		};
		20217A1D1AF21F0F0089821A /* Build configuration list for PBXNativeTarget "headerAndImagesTests" */ = {
			isa = XCConfigurationList;
			buildConfigurations = (
				20217A1E1AF21F0F0089821A /* Debug */,
				20217A1F1AF21F0F0089821A /* Release */,
			);
			defaultConfigurationIsVisible = 0;
			defaultConfigurationName = Release;
		};
/* End XCConfigurationList section */
	};
	rootObject = 202179EF1AF21F0E0089821A /* Project object */;
}
